
Microsoft Visual Studio Solution File, Format Version 12.00
# Visual Studio Version 17
VisualStudioVersion = 17.0.32014.148
MinimumVisualStudioVersion = 10.0.40219.1
Project("{FAE04EC0-301F-11D3-BF4B-00C04F79EFBC}") = "MarkdownFileUploaderConsole", "MarkdownFileUploaderConsole\MarkdownFileUploaderConsole.csproj", "{CEF1AA5D-8D66-4563-95A7-7643401AD645}"
EndProject
Global
	GlobalSection(SolutionConfigurationPlatforms) = preSolution
		Debug|Any CPU = Debug|Any CPU
		Release|Any CPU = Release|Any CPU
	EndGlobalSection
	GlobalSection(ProjectConfigurationPlatforms) = postSolution
		{CEF1AA5D-8D66-4563-95A7-7643401AD645}.Debug|Any CPU.ActiveCfg = Debug|Any CPU
		{CEF1AA5D-8D66-4563-95A7-7643401AD645}.Debug|Any CPU.Build.0 = Debug|Any CPU
		{CEF1AA5D-8D66-4563-95A7-7643401AD645}.Release|Any CPU.ActiveCfg = Release|Any CPU
		{CEF1AA5D-8D66-4563-95A7-7643401AD645}.Release|Any CPU.Build.0 = Release|Any CPU
	EndGlobalSection
	GlobalSection(SolutionProperties) = preSolution
		HideSolutionNode = FALSE
	EndGlobalSection
	GlobalSection(ExtensibilityGlobals) = postSolution
		SolutionGuid = {F09AE8EB-BF4B-4688-A880-5ABBD9A94200}
	EndGlobalSection
EndGlobal
